
Microsoft Visual Studio Solution File, Format Version 12.00
# Visual Studio Version 16
VisualStudioVersion = 16.0.30907.101
MinimumVisualStudioVersion = 10.0.40219.1
Project("{FAE04EC0-301F-11D3-BF4B-00C04F79EFBC}") = "municipalityReports", "municipalityReports\municipalityReports.csproj", "{86BD32CF-6D44-43A6-8ED1-02C71D69FDFB}"
EndProject
Global
	GlobalSection(SolutionConfigurationPlatforms) = preSolution
		Debug|Any CPU = Debug|Any CPU
		Release|Any CPU = Release|Any CPU
	EndGlobalSection
	GlobalSection(ProjectConfigurationPlatforms) = postSolution
		{86BD32CF-6D44-43A6-8ED1-02C71D69FDFB}.Debug|Any CPU.ActiveCfg = Debug|Any CPU
		{86BD32CF-6D44-43A6-8ED1-02C71D69FDFB}.Debug|Any CPU.Build.0 = Debug|Any CPU
		{86BD32CF-6D44-43A6-8ED1-02C71D69FDFB}.Release|Any CPU.ActiveCfg = Release|Any CPU
		{86BD32CF-6D44-43A6-8ED1-02C71D69FDFB}.Release|Any CPU.Build.0 = Release|Any CPU
	EndGlobalSection
	GlobalSection(SolutionProperties) = preSolution
		HideSolutionNode = FALSE
	EndGlobalSection
	GlobalSection(ExtensibilityGlobals) = postSolution
		SolutionGuid = {233DC53C-5AB3-4ED4-90B1-6A276EB00B06}
	EndGlobalSection
EndGlobal
